
Microsoft Visual Studio Solution File, Format Version 12.00
# Visual Studio 2012
Project("{FAE04EC0-301F-11D3-BF4B-00C04F79EFBC}") = "CMS.Common", "CMS.Common\CMS.Common.csproj", "{A6051C30-19AA-4CC5-A768-A662FB03CA75}"
EndProject
Project("{FAE04EC0-301F-11D3-BF4B-00C04F79EFBC}") = "CMS.Admin", "CMS.Admin\CMS.Admin.csproj", "{FF1550D0-2E39-4BA2-A7AE-08313088763E}"
EndProject
Project("{FAE04EC0-301F-11D3-BF4B-00C04F79EFBC}") = "CMS.BLL", "CMS.BLL\CMS.BLL.csproj", "{19E90EBF-3DF9-43EC-A83C-2A62521E22DF}"
EndProject
Project("{FAE04EC0-301F-11D3-BF4B-00C04F79EFBC}") = "CMS.IBLL", "CMS.IBLL\CMS.IBLL.csproj", "{BC5F3852-F894-4FBB-8608-C9BD9010BF92}"
EndProject
Project("{FAE04EC0-301F-11D3-BF4B-00C04F79EFBC}") = "CMS.Core", "CMS.Core\CMS.Core.csproj", "{968C2EEC-827D-4789-A17D-F1FDB1D9614B}"
EndProject
Project("{FAE04EC0-301F-11D3-BF4B-00C04F79EFBC}") = "CMS.DAL", "CMS.DAL\CMS.DAL.csproj", "{812FEEE5-AB60-48C3-86F6-333EC74CA48E}"
EndProject
Project("{FAE04EC0-301F-11D3-BF4B-00C04F79EFBC}") = "CMS.IDAL", "CMS.IDAL\CMS.IDAL.csproj", "{ABF7518E-10E3-4A21-9375-5C61953D9271}"
EndProject
Project("{FAE04EC0-301F-11D3-BF4B-00C04F79EFBC}") = "CMS.Model", "CMS.Model\CMS.Model.csproj", "{9657BD58-78DD-44ED-8B66-3B0B2D75F10B}"
EndProject
Project("{FAE04EC0-301F-11D3-BF4B-00C04F79EFBC}") = "WebApp", "WebApp\WebApp.csproj", "{BF83FCF0-AAA9-4B49-9BF6-BDCA8E99D5B6}"
EndProject
Global
	GlobalSection(SolutionConfigurationPlatforms) = preSolution
		Debug|Any CPU = Debug|Any CPU
		Release|Any CPU = Release|Any CPU
	EndGlobalSection
	GlobalSection(ProjectConfigurationPlatforms) = postSolution
		{A6051C30-19AA-4CC5-A768-A662FB03CA75}.Debug|Any CPU.ActiveCfg = Debug|Any CPU
		{A6051C30-19AA-4CC5-A768-A662FB03CA75}.Debug|Any CPU.Build.0 = Debug|Any CPU
		{A6051C30-19AA-4CC5-A768-A662FB03CA75}.Release|Any CPU.ActiveCfg = Release|Any CPU
		{A6051C30-19AA-4CC5-A768-A662FB03CA75}.Release|Any CPU.Build.0 = Release|Any CPU
		{FF1550D0-2E39-4BA2-A7AE-08313088763E}.Debug|Any CPU.ActiveCfg = Debug|Any CPU
		{FF1550D0-2E39-4BA2-A7AE-08313088763E}.Debug|Any CPU.Build.0 = Debug|Any CPU
		{FF1550D0-2E39-4BA2-A7AE-08313088763E}.Release|Any CPU.ActiveCfg = Release|Any CPU
		{FF1550D0-2E39-4BA2-A7AE-08313088763E}.Release|Any CPU.Build.0 = Release|Any CPU
		{19E90EBF-3DF9-43EC-A83C-2A62521E22DF}.Debug|Any CPU.ActiveCfg = Debug|Any CPU
		{19E90EBF-3DF9-43EC-A83C-2A62521E22DF}.Debug|Any CPU.Build.0 = Debug|Any CPU
		{19E90EBF-3DF9-43EC-A83C-2A62521E22DF}.Release|Any CPU.ActiveCfg = Release|Any CPU
		{19E90EBF-3DF9-43EC-A83C-2A62521E22DF}.Release|Any CPU.Build.0 = Release|Any CPU
		{BC5F3852-F894-4FBB-8608-C9BD9010BF92}.Debug|Any CPU.ActiveCfg = Debug|Any CPU
		{BC5F3852-F894-4FBB-8608-C9BD9010BF92}.Debug|Any CPU.Build.0 = Debug|Any CPU
		{BC5F3852-F894-4FBB-8608-C9BD9010BF92}.Release|Any CPU.ActiveCfg = Release|Any CPU
		{BC5F3852-F894-4FBB-8608-C9BD9010BF92}.Release|Any CPU.Build.0 = Release|Any CPU
		{968C2EEC-827D-4789-A17D-F1FDB1D9614B}.Debug|Any CPU.ActiveCfg = Debug|Any CPU
		{968C2EEC-827D-4789-A17D-F1FDB1D9614B}.Debug|Any CPU.Build.0 = Debug|Any CPU
		{968C2EEC-827D-4789-A17D-F1FDB1D9614B}.Release|Any CPU.ActiveCfg = Release|Any CPU
		{968C2EEC-827D-4789-A17D-F1FDB1D9614B}.Release|Any CPU.Build.0 = Release|Any CPU
		{812FEEE5-AB60-48C3-86F6-333EC74CA48E}.Debug|Any CPU.ActiveCfg = Debug|Any CPU
		{812FEEE5-AB60-48C3-86F6-333EC74CA48E}.Debug|Any CPU.Build.0 = Debug|Any CPU
		{812FEEE5-AB60-48C3-86F6-333EC74CA48E}.Release|Any CPU.ActiveCfg = Release|Any CPU
		{812FEEE5-AB60-48C3-86F6-333EC74CA48E}.Release|Any CPU.Build.0 = Release|Any CPU
		{ABF7518E-10E3-4A21-9375-5C61953D9271}.Debug|Any CPU.ActiveCfg = Debug|Any CPU
		{ABF7518E-10E3-4A21-9375-5C61953D9271}.Debug|Any CPU.Build.0 = Debug|Any CPU
		{ABF7518E-10E3-4A21-9375-5C61953D9271}.Release|Any CPU.ActiveCfg = Release|Any CPU
		{ABF7518E-10E3-4A21-9375-5C61953D9271}.Release|Any CPU.Build.0 = Release|Any CPU
		{9657BD58-78DD-44ED-8B66-3B0B2D75F10B}.Debug|Any CPU.ActiveCfg = Debug|Any CPU
		{9657BD58-78DD-44ED-8B66-3B0B2D75F10B}.Debug|Any CPU.Build.0 = Debug|Any CPU
		{9657BD58-78DD-44ED-8B66-3B0B2D75F10B}.Release|Any CPU.ActiveCfg = Release|Any CPU
		{9657BD58-78DD-44ED-8B66-3B0B2D75F10B}.Release|Any CPU.Build.0 = Release|Any CPU
		{BF83FCF0-AAA9-4B49-9BF6-BDCA8E99D5B6}.Debug|Any CPU.ActiveCfg = Debug|Any CPU
		{BF83FCF0-AAA9-4B49-9BF6-BDCA8E99D5B6}.Debug|Any CPU.Build.0 = Debug|Any CPU
		{BF83FCF0-AAA9-4B49-9BF6-BDCA8E99D5B6}.Release|Any CPU.ActiveCfg = Release|Any CPU
		{BF83FCF0-AAA9-4B49-9BF6-BDCA8E99D5B6}.Release|Any CPU.Build.0 = Release|Any CPU
	EndGlobalSection
	GlobalSection(SolutionProperties) = preSolution
		HideSolutionNode = FALSE
	EndGlobalSection
EndGlobal
